// !$*UTF8*$!
{
	archiveVersion = 1;
	classes = {
	};
	objectVersion = 50;
	objects = {

/* Begin PBXBuildFile section */
		C516788621BAB1120039D385 /* CoreDataManager.swift in Sources */ = {isa = PBXBuildFile; fileRef = C516788521BAB1120039D385 /* CoreDataManager.swift */; };
		C516788921BAB2A20039D385 /* BuhDB.xcdatamodeld in Sources */ = {isa = PBXBuildFile; fileRef = C516788721BAB2A20039D385 /* BuhDB.xcdatamodeld */; };
		C5223B652195D6120017A7B0 /* Wallet.swift in Sources */ = {isa = PBXBuildFile; fileRef = C5223B642195D6120017A7B0 /* Wallet.swift */; };
		C523713121A8487A0059A74A /* Spend.swift in Sources */ = {isa = PBXBuildFile; fileRef = C523713021A8487A0059A74A /* Spend.swift */; };
		C523713321A84AA60059A74A /* SpendService.swift in Sources */ = {isa = PBXBuildFile; fileRef = C523713221A84AA60059A74A /* SpendService.swift */; };
		C53B1F5821A5A4C6006261E4 /* jsontest.json in Resources */ = {isa = PBXBuildFile; fileRef = C53B1F5721A5A4C6006261E4 /* jsontest.json */; };
		C53B1F5B21A5B17C006261E4 /* AddSpendContracts.swift in Sources */ = {isa = PBXBuildFile; fileRef = C53B1F5A21A5B17C006261E4 /* AddSpendContracts.swift */; };
		C53B1F5D21A5B25C006261E4 /* AddSpenViewController.swift in Sources */ = {isa = PBXBuildFile; fileRef = C53B1F5C21A5B25C006261E4 /* AddSpenViewController.swift */; };
		C53B1F5F21A5B2A8006261E4 /* AddSpendPresenter.swift in Sources */ = {isa = PBXBuildFile; fileRef = C53B1F5E21A5B2A8006261E4 /* AddSpendPresenter.swift */; };
		C545ED04218C9D4A00B1B7D9 /* AppDelegate.swift in Sources */ = {isa = PBXBuildFile; fileRef = C545ED03218C9D4A00B1B7D9 /* AppDelegate.swift */; };
		C545ED0B218C9D4A00B1B7D9 /* Main.storyboard in Resources */ = {isa = PBXBuildFile; fileRef = C545ED09218C9D4A00B1B7D9 /* Main.storyboard */; };
		C545ED0D218C9D7100B1B7D9 /* Assets.xcassets in Resources */ = {isa = PBXBuildFile; fileRef = C545ED0C218C9D7100B1B7D9 /* Assets.xcassets */; };
		C545ED10218C9D7100B1B7D9 /* LaunchScreen.storyboard in Resources */ = {isa = PBXBuildFile; fileRef = C545ED0E218C9D7100B1B7D9 /* LaunchScreen.storyboard */; };
		C554ADBD21AEE47300FC4169 /* MainViewController.swift in Sources */ = {isa = PBXBuildFile; fileRef = C554ADBC21AEE47300FC4169 /* MainViewController.swift */; };
		C5F1F6D621933CBA00F7E92D /* WalletService.swift in Sources */ = {isa = PBXBuildFile; fileRef = C5F1F6D521933CBA00F7E92D /* WalletService.swift */; };
		C5F1F6D821933E4F00F7E92D /* Network.swift in Sources */ = {isa = PBXBuildFile; fileRef = C5F1F6D721933E4F00F7E92D /* Network.swift */; };
		C5F1F6DC2193414300F7E92D /* WalletContracts.swift in Sources */ = {isa = PBXBuildFile; fileRef = C5F1F6DB2193414300F7E92D /* WalletContracts.swift */; };
		C5F1F6DE2193423400F7E92D /* WalletViewController.swift in Sources */ = {isa = PBXBuildFile; fileRef = C5F1F6DD2193423400F7E92D /* WalletViewController.swift */; };
		C5F1F6E02193428300F7E92D /* WalletPresenter.swift in Sources */ = {isa = PBXBuildFile; fileRef = C5F1F6DF2193428300F7E92D /* WalletPresenter.swift */; };
/* End PBXBuildFile section */

/* Begin PBXFileReference section */
		C516788521BAB1120039D385 /* CoreDataManager.swift */ = {isa = PBXFileReference; lastKnownFileType = sourcecode.swift; path = CoreDataManager.swift; sourceTree = "<group>"; };
		C516788821BAB2A20039D385 /* BuhDB.xcdatamodel */ = {isa = PBXFileReference; lastKnownFileType = wrapper.xcdatamodel; path = BuhDB.xcdatamodel; sourceTree = "<group>"; };
		C5223B642195D6120017A7B0 /* Wallet.swift */ = {isa = PBXFileReference; lastKnownFileType = sourcecode.swift; path = Wallet.swift; sourceTree = "<group>"; };
		C523713021A8487A0059A74A /* Spend.swift */ = {isa = PBXFileReference; lastKnownFileType = sourcecode.swift; path = Spend.swift; sourceTree = "<group>"; };
		C523713221A84AA60059A74A /* SpendService.swift */ = {isa = PBXFileReference; lastKnownFileType = sourcecode.swift; path = SpendService.swift; sourceTree = "<group>"; };
		C53B1F5721A5A4C6006261E4 /* jsontest.json */ = {isa = PBXFileReference; fileEncoding = 4; lastKnownFileType = text.json; path = jsontest.json; sourceTree = "<group>"; };
		C53B1F5A21A5B17C006261E4 /* AddSpendContracts.swift */ = {isa = PBXFileReference; lastKnownFileType = sourcecode.swift; path = AddSpendContracts.swift; sourceTree = "<group>"; };
		C53B1F5C21A5B25C006261E4 /* AddSpenViewController.swift */ = {isa = PBXFileReference; lastKnownFileType = sourcecode.swift; path = AddSpenViewController.swift; sourceTree = "<group>"; };
		C53B1F5E21A5B2A8006261E4 /* AddSpendPresenter.swift */ = {isa = PBXFileReference; lastKnownFileType = sourcecode.swift; path = AddSpendPresenter.swift; sourceTree = "<group>"; };
		C545ED00218C9D4A00B1B7D9 /* buh.app */ = {isa = PBXFileReference; explicitFileType = wrapper.application; includeInIndex = 0; path = buh.app; sourceTree = BUILT_PRODUCTS_DIR; };
		C545ED03218C9D4A00B1B7D9 /* AppDelegate.swift */ = {isa = PBXFileReference; lastKnownFileType = sourcecode.swift; path = AppDelegate.swift; sourceTree = "<group>"; };
		C545ED0A218C9D4A00B1B7D9 /* Base */ = {isa = PBXFileReference; lastKnownFileType = file.storyboard; name = Base; path = Base.lproj/Main.storyboard; sourceTree = "<group>"; };
		C545ED0C218C9D7100B1B7D9 /* Assets.xcassets */ = {isa = PBXFileReference; lastKnownFileType = folder.assetcatalog; path = Assets.xcassets; sourceTree = "<group>"; };
		C545ED0F218C9D7100B1B7D9 /* Base */ = {isa = PBXFileReference; lastKnownFileType = file.storyboard; name = Base; path = Base.lproj/LaunchScreen.storyboard; sourceTree = "<group>"; };
		C545ED11218C9D7100B1B7D9 /* Info.plist */ = {isa = PBXFileReference; lastKnownFileType = text.plist.xml; path = Info.plist; sourceTree = "<group>"; };
		C554ADBC21AEE47300FC4169 /* MainViewController.swift */ = {isa = PBXFileReference; lastKnownFileType = sourcecode.swift; path = MainViewController.swift; sourceTree = "<group>"; };
		C5F1F6D521933CBA00F7E92D /* WalletService.swift */ = {isa = PBXFileReference; lastKnownFileType = sourcecode.swift; path = WalletService.swift; sourceTree = "<group>"; };
		C5F1F6D721933E4F00F7E92D /* Network.swift */ = {isa = PBXFileReference; lastKnownFileType = sourcecode.swift; path = Network.swift; sourceTree = "<group>"; };
		C5F1F6DB2193414300F7E92D /* WalletContracts.swift */ = {isa = PBXFileReference; lastKnownFileType = sourcecode.swift; path = WalletContracts.swift; sourceTree = "<group>"; };
		C5F1F6DD2193423400F7E92D /* WalletViewController.swift */ = {isa = PBXFileReference; lastKnownFileType = sourcecode.swift; path = WalletViewController.swift; sourceTree = "<group>"; };
		C5F1F6DF2193428300F7E92D /* WalletPresenter.swift */ = {isa = PBXFileReference; lastKnownFileType = sourcecode.swift; path = WalletPresenter.swift; sourceTree = "<group>"; };
/* End PBXFileReference section */

/* Begin PBXFrameworksBuildPhase section */
		C545ECFD218C9D4A00B1B7D9 /* Frameworks */ = {
			isa = PBXFrameworksBuildPhase;
			buildActionMask = 2147483647;
			files = (
			);
			runOnlyForDeploymentPostprocessing = 0;
		};
/* End PBXFrameworksBuildPhase section */

/* Begin PBXGroup section */
		C5223B632195D5B40017A7B0 /* Model */ = {
			isa = PBXGroup;
			children = (
				C53B1F5721A5A4C6006261E4 /* jsontest.json */,
				C5223B642195D6120017A7B0 /* Wallet.swift */,
				C523713021A8487A0059A74A /* Spend.swift */,
			);
			path = Model;
			sourceTree = "<group>";
		};
		C53B1F5921A5B0F6006261E4 /* AddSpend */ = {
			isa = PBXGroup;
			children = (
				C53B1F5A21A5B17C006261E4 /* AddSpendContracts.swift */,
				C53B1F5C21A5B25C006261E4 /* AddSpenViewController.swift */,
				C53B1F5E21A5B2A8006261E4 /* AddSpendPresenter.swift */,
			);
			path = AddSpend;
			sourceTree = "<group>";
		};
		C545ECF7218C9D4900B1B7D9 = {
			isa = PBXGroup;
			children = (
				C545ED02218C9D4A00B1B7D9 /* buh */,
				C545ED01218C9D4A00B1B7D9 /* Products */,
			);
			sourceTree = "<group>";
		};
		C545ED01218C9D4A00B1B7D9 /* Products */ = {
			isa = PBXGroup;
			children = (
				C545ED00218C9D4A00B1B7D9 /* buh.app */,
			);
			name = Products;
			sourceTree = "<group>";
		};
		C545ED02218C9D4A00B1B7D9 /* buh */ = {
			isa = PBXGroup;
			children = (
				C5223B632195D5B40017A7B0 /* Model */,
				C5F1F6D4219326B700F7E92D /* SupportingFiles */,
				C5F1F6D32193266300F7E92D /* ApplicationLayer */,
				C5F1F6D22193264500F7E92D /* CoreLayer */,
				C5F1F6D12193262C00F7E92D /* BussinesLogicLayer */,
				C5F1F6D02193260F00F7E92D /* PresentationLayer */,
			);
			path = buh;
			sourceTree = "<group>";
		};
		C554ADB921AEE3D800FC4169 /* Main */ = {
			isa = PBXGroup;
			children = (
				C554ADBC21AEE47300FC4169 /* MainViewController.swift */,
			);
			path = Main;
			sourceTree = "<group>";
		};
		C5F1F6D02193260F00F7E92D /* PresentationLayer */ = {
			isa = PBXGroup;
			children = (
				C5F1F6D9219340DA00F7E92D /* UserStories */,
				C545ED09218C9D4A00B1B7D9 /* Main.storyboard */,
			);
			path = PresentationLayer;
			sourceTree = "<group>";
		};
		C5F1F6D12193262C00F7E92D /* BussinesLogicLayer */ = {
			isa = PBXGroup;
			children = (
				C5F1F6D521933CBA00F7E92D /* WalletService.swift */,
				C523713221A84AA60059A74A /* SpendService.swift */,
			);
			path = BussinesLogicLayer;
			sourceTree = "<group>";
		};
		C5F1F6D22193264500F7E92D /* CoreLayer */ = {
			isa = PBXGroup;
			children = (
				C5F1F6D721933E4F00F7E92D /* Network.swift */,
				C516788721BAB2A20039D385 /* BuhDB.xcdatamodeld */,
			);
			path = CoreLayer;
			sourceTree = "<group>";
		};
		C5F1F6D32193266300F7E92D /* ApplicationLayer */ = {
			isa = PBXGroup;
			children = (
				C545ED03218C9D4A00B1B7D9 /* AppDelegate.swift */,
				C516788521BAB1120039D385 /* CoreDataManager.swift */,
			);
			path = ApplicationLayer;
			sourceTree = "<group>";
		};
		C5F1F6D4219326B700F7E92D /* SupportingFiles */ = {
			isa = PBXGroup;
			children = (
				C545ED11218C9D7100B1B7D9 /* Info.plist */,
				C545ED0E218C9D7100B1B7D9 /* LaunchScreen.storyboard */,
				C545ED0C218C9D7100B1B7D9 /* Assets.xcassets */,
			);
			path = SupportingFiles;
			sourceTree = "<group>";
		};
		C5F1F6D9219340DA00F7E92D /* UserStories */ = {
			isa = PBXGroup;
			children = (
				C554ADB921AEE3D800FC4169 /* Main */,
				C53B1F5921A5B0F6006261E4 /* AddSpend */,
				C5F1F6DA219340EA00F7E92D /* AddWallet */,
			);
			path = UserStories;
			sourceTree = "<group>";
		};
		C5F1F6DA219340EA00F7E92D /* AddWallet */ = {
			isa = PBXGroup;
			children = (
				C5F1F6DB2193414300F7E92D /* WalletContracts.swift */,
				C5F1F6DD2193423400F7E92D /* WalletViewController.swift */,
				C5F1F6DF2193428300F7E92D /* WalletPresenter.swift */,
			);
			path = AddWallet;
			sourceTree = "<group>";
		};
/* End PBXGroup section */

/* Begin PBXNativeTarget section */
		C545ECFF218C9D4A00B1B7D9 /* buh */ = {
			isa = PBXNativeTarget;
			buildConfigurationList = C545ED14218C9D7100B1B7D9 /* Build configuration list for PBXNativeTarget "buh" */;
			buildPhases = (
				C545ECFC218C9D4A00B1B7D9 /* Sources */,
				C545ECFD218C9D4A00B1B7D9 /* Frameworks */,
				C545ECFE218C9D4A00B1B7D9 /* Resources */,
			);
			buildRules = (
			);
			dependencies = (
			);
			name = buh;
			productName = buh;
			productReference = C545ED00218C9D4A00B1B7D9 /* buh.app */;
			productType = "com.apple.product-type.application";
		};
/* End PBXNativeTarget section */

/* Begin PBXProject section */
		C545ECF8218C9D4900B1B7D9 /* Project object */ = {
			isa = PBXProject;
			attributes = {
				LastSwiftUpdateCheck = 1000;
				LastUpgradeCheck = 1000;
				ORGANIZATIONNAME = "Пользователь";
				TargetAttributes = {
					C545ECFF218C9D4A00B1B7D9 = {
						CreatedOnToolsVersion = 10.0;
					};
				};
			};
			buildConfigurationList = C545ECFB218C9D4A00B1B7D9 /* Build configuration list for PBXProject "buh" */;
			compatibilityVersion = "Xcode 9.3";
			developmentRegion = en;
			hasScannedForEncodings = 0;
			knownRegions = (
				en,
				Base,
			);
			mainGroup = C545ECF7218C9D4900B1B7D9;
			productRefGroup = C545ED01218C9D4A00B1B7D9 /* Products */;
			projectDirPath = "";
			projectRoot = "";
			targets = (
				C545ECFF218C9D4A00B1B7D9 /* buh */,
			);
		};
/* End PBXProject section */

/* Begin PBXResourcesBuildPhase section */
		C545ECFE218C9D4A00B1B7D9 /* Resources */ = {
			isa = PBXResourcesBuildPhase;
			buildActionMask = 2147483647;
			files = (
				C545ED10218C9D7100B1B7D9 /* LaunchScreen.storyboard in Resources */,
				C545ED0D218C9D7100B1B7D9 /* Assets.xcassets in Resources */,
				C545ED0B218C9D4A00B1B7D9 /* Main.storyboard in Resources */,
				C53B1F5821A5A4C6006261E4 /* jsontest.json in Resources */,
			);
			runOnlyForDeploymentPostprocessing = 0;
		};
/* End PBXResourcesBuildPhase section */

/* Begin PBXSourcesBuildPhase section */
		C545ECFC218C9D4A00B1B7D9 /* Sources */ = {
			isa = PBXSourcesBuildPhase;
			buildActionMask = 2147483647;
			files = (
				C5F1F6DE2193423400F7E92D /* WalletViewController.swift in Sources */,
				C554ADBD21AEE47300FC4169 /* MainViewController.swift in Sources */,
				C5F1F6DC2193414300F7E92D /* WalletContracts.swift in Sources */,
				C5F1F6D821933E4F00F7E92D /* Network.swift in Sources */,
				C5F1F6D621933CBA00F7E92D /* WalletService.swift in Sources */,
				C523713321A84AA60059A74A /* SpendService.swift in Sources */,
				C53B1F5D21A5B25C006261E4 /* AddSpenViewController.swift in Sources */,
				C5F1F6E02193428300F7E92D /* WalletPresenter.swift in Sources */,
				C5223B652195D6120017A7B0 /* Wallet.swift in Sources */,
				C53B1F5F21A5B2A8006261E4 /* AddSpendPresenter.swift in Sources */,
				C523713121A8487A0059A74A /* Spend.swift in Sources */,
				C53B1F5B21A5B17C006261E4 /* AddSpendContracts.swift in Sources */,
				C516788921BAB2A20039D385 /* BuhDB.xcdatamodeld in Sources */,
				C516788621BAB1120039D385 /* CoreDataManager.swift in Sources */,
				C545ED04218C9D4A00B1B7D9 /* AppDelegate.swift in Sources */,
			);
			runOnlyForDeploymentPostprocessing = 0;
		};
/* End PBXSourcesBuildPhase section */

/* Begin PBXVariantGroup section */
		C545ED09218C9D4A00B1B7D9 /* Main.storyboard */ = {
			isa = PBXVariantGroup;
			children = (
				C545ED0A218C9D4A00B1B7D9 /* Base */,
			);
			name = Main.storyboard;
			sourceTree = "<group>";
		};
		C545ED0E218C9D7100B1B7D9 /* LaunchScreen.storyboard */ = {
			isa = PBXVariantGroup;
			children = (
				C545ED0F218C9D7100B1B7D9 /* Base */,
			);
			name = LaunchScreen.storyboard;
			sourceTree = "<group>";
		};
/* End PBXVariantGroup section */

/* Begin XCBuildConfiguration section */
		C545ED12218C9D7100B1B7D9 /* Debug */ = {
			isa = XCBuildConfiguration;
			buildSettings = {
				ALWAYS_SEARCH_USER_PATHS = NO;
				CLANG_ANALYZER_NONNULL = YES;
				CLANG_ANALYZER_NUMBER_OBJECT_CONVERSION = YES_AGGRESSIVE;
				CLANG_CXX_LANGUAGE_STANDARD = "gnu++14";
				CLANG_CXX_LIBRARY = "libc++";
				CLANG_ENABLE_MODULES = YES;
				CLANG_ENABLE_OBJC_ARC = YES;
				CLANG_ENABLE_OBJC_WEAK = YES;
				CLANG_WARN_BLOCK_CAPTURE_AUTORELEASING = YES;
				CLANG_WARN_BOOL_CONVERSION = YES;
				CLANG_WARN_COMMA = YES;
				CLANG_WARN_CONSTANT_CONVERSION = YES;
				CLANG_WARN_DEPRECATED_OBJC_IMPLEMENTATIONS = YES;
				CLANG_WARN_DIRECT_OBJC_ISA_USAGE = YES_ERROR;
				CLANG_WARN_DOCUMENTATION_COMMENTS = YES;
				CLANG_WARN_EMPTY_BODY = YES;
				CLANG_WARN_ENUM_CONVERSION = YES;
				CLANG_WARN_INFINITE_RECURSION = YES;
				CLANG_WARN_INT_CONVERSION = YES;
				CLANG_WARN_NON_LITERAL_NULL_CONVERSION = YES;
				CLANG_WARN_OBJC_IMPLICIT_RETAIN_SELF = YES;
				CLANG_WARN_OBJC_LITERAL_CONVERSION = YES;
				CLANG_WARN_OBJC_ROOT_CLASS = YES_ERROR;
				CLANG_WARN_RANGE_LOOP_ANALYSIS = YES;
				CLANG_WARN_STRICT_PROTOTYPES = YES;
				CLANG_WARN_SUSPICIOUS_MOVE = YES;
				CLANG_WARN_UNGUARDED_AVAILABILITY = YES_AGGRESSIVE;
				CLANG_WARN_UNREACHABLE_CODE = YES;
				CLANG_WARN__DUPLICATE_METHOD_MATCH = YES;
				CODE_SIGN_IDENTITY = "iPhone Developer";
				COPY_PHASE_STRIP = NO;
				DEBUG_INFORMATION_FORMAT = dwarf;
				ENABLE_STRICT_OBJC_MSGSEND = YES;
				ENABLE_TESTABILITY = YES;
				GCC_C_LANGUAGE_STANDARD = gnu11;
				GCC_DYNAMIC_NO_PIC = NO;
				GCC_NO_COMMON_BLOCKS = YES;
				GCC_OPTIMIZATION_LEVEL = 0;
				GCC_PREPROCESSOR_DEFINITIONS = (
					"DEBUG=1",
					"$(inherited)",
				);
				GCC_WARN_64_TO_32_BIT_CONVERSION = YES;
				GCC_WARN_ABOUT_RETURN_TYPE = YES_ERROR;
				GCC_WARN_UNDECLARED_SELECTOR = YES;
				GCC_WARN_UNINITIALIZED_AUTOS = YES_AGGRESSIVE;
				GCC_WARN_UNUSED_FUNCTION = YES;
				GCC_WARN_UNUSED_VARIABLE = YES;
				IPHONEOS_DEPLOYMENT_TARGET = 12.0;
				MTL_ENABLE_DEBUG_INFO = INCLUDE_SOURCE;
				MTL_FAST_MATH = YES;
				ONLY_ACTIVE_ARCH = YES;
				SDKROOT = iphoneos;
				SWIFT_ACTIVE_COMPILATION_CONDITIONS = DEBUG;
				SWIFT_OPTIMIZATION_LEVEL = "-Onone";
			};
			name = Debug;
		};
		C545ED13218C9D7100B1B7D9 /* Release */ = {
			isa = XCBuildConfiguration;
			buildSettings = {
				ALWAYS_SEARCH_USER_PATHS = NO;
				CLANG_ANALYZER_NONNULL = YES;
				CLANG_ANALYZER_NUMBER_OBJECT_CONVERSION = YES_AGGRESSIVE;
				CLANG_CXX_LANGUAGE_STANDARD = "gnu++14";
				CLANG_CXX_LIBRARY = "libc++";
				CLANG_ENABLE_MODULES = YES;
				CLANG_ENABLE_OBJC_ARC = YES;
				CLANG_ENABLE_OBJC_WEAK = YES;
				CLANG_WARN_BLOCK_CAPTURE_AUTORELEASING = YES;
				CLANG_WARN_BOOL_CONVERSION = YES;
				CLANG_WARN_COMMA = YES;
				CLANG_WARN_CONSTANT_CONVERSION = YES;
				CLANG_WARN_DEPRECATED_OBJC_IMPLEMENTATIONS = YES;
				CLANG_WARN_DIRECT_OBJC_ISA_USAGE = YES_ERROR;
				CLANG_WARN_DOCUMENTATION_COMMENTS = YES;
				CLANG_WARN_EMPTY_BODY = YES;
				CLANG_WARN_ENUM_CONVERSION = YES;
				CLANG_WARN_INFINITE_RECURSION = YES;
				CLANG_WARN_INT_CONVERSION = YES;
				CLANG_WARN_NON_LITERAL_NULL_CONVERSION = YES;
				CLANG_WARN_OBJC_IMPLICIT_RETAIN_SELF = YES;
				CLANG_WARN_OBJC_LITERAL_CONVERSION = YES;
				CLANG_WARN_OBJC_ROOT_CLASS = YES_ERROR;
				CLANG_WARN_RANGE_LOOP_ANALYSIS = YES;
				CLANG_WARN_STRICT_PROTOTYPES = YES;
				CLANG_WARN_SUSPICIOUS_MOVE = YES;
				CLANG_WARN_UNGUARDED_AVAILABILITY = YES_AGGRESSIVE;
				CLANG_WARN_UNREACHABLE_CODE = YES;
				CLANG_WARN__DUPLICATE_METHOD_MATCH = YES;
				CODE_SIGN_IDENTITY = "iPhone Developer";
				COPY_PHASE_STRIP = NO;
				DEBUG_INFORMATION_FORMAT = "dwarf-with-dsym";
				ENABLE_NS_ASSERTIONS = NO;
				ENABLE_STRICT_OBJC_MSGSEND = YES;
				GCC_C_LANGUAGE_STANDARD = gnu11;
				GCC_NO_COMMON_BLOCKS = YES;
				GCC_WARN_64_TO_32_BIT_CONVERSION = YES;
				GCC_WARN_ABOUT_RETURN_TYPE = YES_ERROR;
				GCC_WARN_UNDECLARED_SELECTOR = YES;
				GCC_WARN_UNINITIALIZED_AUTOS = YES_AGGRESSIVE;
				GCC_WARN_UNUSED_FUNCTION = YES;
				GCC_WARN_UNUSED_VARIABLE = YES;
				IPHONEOS_DEPLOYMENT_TARGET = 12.0;
				MTL_ENABLE_DEBUG_INFO = NO;
				MTL_FAST_MATH = YES;
				SDKROOT = iphoneos;
				SWIFT_COMPILATION_MODE = wholemodule;
				SWIFT_OPTIMIZATION_LEVEL = "-O";
				VALIDATE_PRODUCT = YES;
			};
			name = Release;
		};
		C545ED15218C9D7100B1B7D9 /* Debug */ = {
			isa = XCBuildConfiguration;
			buildSettings = {
				ASSETCATALOG_COMPILER_APPICON_NAME = AppIcon;
				CODE_SIGN_STYLE = Automatic;
				INFOPLIST_FILE = "$(SRCROOT)/buh/SupportingFiles/Info.plist";
				LD_RUNPATH_SEARCH_PATHS = (
					"$(inherited)",
					"@executable_path/Frameworks",
				);
				PRODUCT_BUNDLE_IDENTIFIER = "-23.buh";
				PRODUCT_NAME = "$(TARGET_NAME)";
				SWIFT_VERSION = 4.2;
				TARGETED_DEVICE_FAMILY = "1,2";
			};
			name = Debug;
		};
		C545ED16218C9D7100B1B7D9 /* Release */ = {
			isa = XCBuildConfiguration;
			buildSettings = {
				ASSETCATALOG_COMPILER_APPICON_NAME = AppIcon;
				CODE_SIGN_STYLE = Automatic;
				INFOPLIST_FILE = "$(SRCROOT)/buh/SupportingFiles/Info.plist";
				LD_RUNPATH_SEARCH_PATHS = (
					"$(inherited)",
					"@executable_path/Frameworks",
				);
				PRODUCT_BUNDLE_IDENTIFIER = "-23.buh";
				PRODUCT_NAME = "$(TARGET_NAME)";
				SWIFT_VERSION = 4.2;
				TARGETED_DEVICE_FAMILY = "1,2";
			};
			name = Release;
		};
/* End XCBuildConfiguration section */

/* Begin XCConfigurationList section */
		C545ECFB218C9D4A00B1B7D9 /* Build configuration list for PBXProject "buh" */ = {
			isa = XCConfigurationList;
			buildConfigurations = (
				C545ED12218C9D7100B1B7D9 /* Debug */,
				C545ED13218C9D7100B1B7D9 /* Release */,
			);
			defaultConfigurationIsVisible = 0;
			defaultConfigurationName = Release;
		};
		C545ED14218C9D7100B1B7D9 /* Build configuration list for PBXNativeTarget "buh" */ = {
			isa = XCConfigurationList;
			buildConfigurations = (
				C545ED15218C9D7100B1B7D9 /* Debug */,
				C545ED16218C9D7100B1B7D9 /* Release */,
			);
			defaultConfigurationIsVisible = 0;
			defaultConfigurationName = Release;
		};
/* End XCConfigurationList section */

/* Begin XCVersionGroup section */
		C516788721BAB2A20039D385 /* BuhDB.xcdatamodeld */ = {
			isa = XCVersionGroup;
			children = (
				C516788821BAB2A20039D385 /* BuhDB.xcdatamodel */,
			);
			currentVersion = C516788821BAB2A20039D385 /* BuhDB.xcdatamodel */;
			path = BuhDB.xcdatamodeld;
			sourceTree = "<group>";
			versionGroupType = wrapper.xcdatamodel;
		};
/* End XCVersionGroup section */
	};
	rootObject = C545ECF8218C9D4900B1B7D9 /* Project object */;
}
